// !$*UTF8*$!
{
	archiveVersion = 1;
	classes = {
	};
	objectVersion = 46;
	objects = {

/* Begin PBXBuildFile section */
		864C308596BD045C5ED377CB /* Pods_ListAppGrability.framework in Frameworks */ = {isa = PBXBuildFile; fileRef = C570CC111DFFB06D6EDCBFBC /* Pods_ListAppGrability.framework */; };
		D9DCF3C21DA4B9DD00D95D47 /* AppDelegate.swift in Sources */ = {isa = PBXBuildFile; fileRef = D9DCF3C11DA4B9DD00D95D47 /* AppDelegate.swift */; };
		D9DCF3C41DA4B9DD00D95D47 /* ViewController.swift in Sources */ = {isa = PBXBuildFile; fileRef = D9DCF3C31DA4B9DD00D95D47 /* ViewController.swift */; };
		D9DCF3C71DA4B9DD00D95D47 /* Main.storyboard in Resources */ = {isa = PBXBuildFile; fileRef = D9DCF3C51DA4B9DD00D95D47 /* Main.storyboard */; };
		D9DCF3CA1DA4B9DD00D95D47 /* ListAppGrability.xcdatamodeld in Sources */ = {isa = PBXBuildFile; fileRef = D9DCF3C81DA4B9DD00D95D47 /* ListAppGrability.xcdatamodeld */; };
		D9DCF3CC1DA4B9DD00D95D47 /* Assets.xcassets in Resources */ = {isa = PBXBuildFile; fileRef = D9DCF3CB1DA4B9DD00D95D47 /* Assets.xcassets */; };
		D9DCF3CF1DA4B9DD00D95D47 /* LaunchScreen.storyboard in Resources */ = {isa = PBXBuildFile; fileRef = D9DCF3CD1DA4B9DD00D95D47 /* LaunchScreen.storyboard */; };
		D9DCF3D71DA4BC7000D95D47 /* MainIpadStoryboard.storyboard in Resources */ = {isa = PBXBuildFile; fileRef = D9DCF3D61DA4BC7000D95D47 /* MainIpadStoryboard.storyboard */; };
		D9DCF3DB1DA4C1EB00D95D47 /* Colors.swift in Sources */ = {isa = PBXBuildFile; fileRef = D9DCF3DA1DA4C1EB00D95D47 /* Colors.swift */; };
		D9DCF3E11DA4DBED00D95D47 /* ipadLand.png in Resources */ = {isa = PBXBuildFile; fileRef = D9DCF3E01DA4DBED00D95D47 /* ipadLand.png */; };
		D9DCF3E31DA4DC6300D95D47 /* ipadLand1024x748.png in Resources */ = {isa = PBXBuildFile; fileRef = D9DCF3E21DA4DC6300D95D47 /* ipadLand1024x748.png */; };
		D9DCF3EA1DA4DE9400D95D47 /* iphoneLand.png in Resources */ = {isa = PBXBuildFile; fileRef = D9DCF3E81DA4DE9400D95D47 /* iphoneLand.png */; };
		D9DCF3EB1DA4DE9400D95D47 /* iphoneLand@2x.png in Resources */ = {isa = PBXBuildFile; fileRef = D9DCF3E91DA4DE9400D95D47 /* iphoneLand@2x.png */; };
/* End PBXBuildFile section */

/* Begin PBXFileReference section */
		05DD329375E9FFB085A164B7 /* Pods-ListAppGrability.release.xcconfig */ = {isa = PBXFileReference; includeInIndex = 1; lastKnownFileType = text.xcconfig; name = "Pods-ListAppGrability.release.xcconfig"; path = "Pods/Target Support Files/Pods-ListAppGrability/Pods-ListAppGrability.release.xcconfig"; sourceTree = "<group>"; };
		C570CC111DFFB06D6EDCBFBC /* Pods_ListAppGrability.framework */ = {isa = PBXFileReference; explicitFileType = wrapper.framework; includeInIndex = 0; path = Pods_ListAppGrability.framework; sourceTree = BUILT_PRODUCTS_DIR; };
		D9DCF3BE1DA4B9DD00D95D47 /* ListAppGrability.app */ = {isa = PBXFileReference; explicitFileType = wrapper.application; includeInIndex = 0; path = ListAppGrability.app; sourceTree = BUILT_PRODUCTS_DIR; };
		D9DCF3C11DA4B9DD00D95D47 /* AppDelegate.swift */ = {isa = PBXFileReference; lastKnownFileType = sourcecode.swift; path = AppDelegate.swift; sourceTree = "<group>"; };
		D9DCF3C31DA4B9DD00D95D47 /* ViewController.swift */ = {isa = PBXFileReference; lastKnownFileType = sourcecode.swift; path = ViewController.swift; sourceTree = "<group>"; };
		D9DCF3C61DA4B9DD00D95D47 /* Base */ = {isa = PBXFileReference; lastKnownFileType = file.storyboard; name = Base; path = Base.lproj/Main.storyboard; sourceTree = "<group>"; };
		D9DCF3C91DA4B9DD00D95D47 /* ListAppGrability.xcdatamodel */ = {isa = PBXFileReference; lastKnownFileType = wrapper.xcdatamodel; path = ListAppGrability.xcdatamodel; sourceTree = "<group>"; };
		D9DCF3CB1DA4B9DD00D95D47 /* Assets.xcassets */ = {isa = PBXFileReference; lastKnownFileType = folder.assetcatalog; path = Assets.xcassets; sourceTree = "<group>"; };
		D9DCF3CE1DA4B9DD00D95D47 /* Base */ = {isa = PBXFileReference; lastKnownFileType = file.storyboard; name = Base; path = Base.lproj/LaunchScreen.storyboard; sourceTree = "<group>"; };
		D9DCF3D01DA4B9DD00D95D47 /* Info.plist */ = {isa = PBXFileReference; lastKnownFileType = text.plist.xml; path = Info.plist; sourceTree = "<group>"; };
		D9DCF3D61DA4BC7000D95D47 /* MainIpadStoryboard.storyboard */ = {isa = PBXFileReference; fileEncoding = 4; lastKnownFileType = file.storyboard; path = MainIpadStoryboard.storyboard; sourceTree = "<group>"; };
		D9DCF3DA1DA4C1EB00D95D47 /* Colors.swift */ = {isa = PBXFileReference; fileEncoding = 4; lastKnownFileType = sourcecode.swift; path = Colors.swift; sourceTree = "<group>"; };
		D9DCF3E01DA4DBED00D95D47 /* ipadLand.png */ = {isa = PBXFileReference; lastKnownFileType = image.png; path = ipadLand.png; sourceTree = "<group>"; };
		D9DCF3E21DA4DC6300D95D47 /* ipadLand1024x748.png */ = {isa = PBXFileReference; lastKnownFileType = image.png; path = ipadLand1024x748.png; sourceTree = "<group>"; };
		D9DCF3E81DA4DE9400D95D47 /* iphoneLand.png */ = {isa = PBXFileReference; lastKnownFileType = image.png; path = iphoneLand.png; sourceTree = "<group>"; };
		D9DCF3E91DA4DE9400D95D47 /* iphoneLand@2x.png */ = {isa = PBXFileReference; lastKnownFileType = image.png; path = "iphoneLand@2x.png"; sourceTree = "<group>"; };
		FA08B3B6380B73AE0C77AECE /* Pods-ListAppGrability.debug.xcconfig */ = {isa = PBXFileReference; includeInIndex = 1; lastKnownFileType = text.xcconfig; name = "Pods-ListAppGrability.debug.xcconfig"; path = "Pods/Target Support Files/Pods-ListAppGrability/Pods-ListAppGrability.debug.xcconfig"; sourceTree = "<group>"; };
/* End PBXFileReference section */

/* Begin PBXFrameworksBuildPhase section */
		D9DCF3BB1DA4B9DD00D95D47 /* Frameworks */ = {
			isa = PBXFrameworksBuildPhase;
			buildActionMask = 2147483647;
			files = (
				864C308596BD045C5ED377CB /* Pods_ListAppGrability.framework in Frameworks */,
			);
			runOnlyForDeploymentPostprocessing = 0;
		};
/* End PBXFrameworksBuildPhase section */

/* Begin PBXGroup section */
		16E6E0EACDA24C6C6526EC51 /* Frameworks */ = {
			isa = PBXGroup;
			children = (
				C570CC111DFFB06D6EDCBFBC /* Pods_ListAppGrability.framework */,
			);
			name = Frameworks;
			sourceTree = "<group>";
		};
		6F4B04E3E961222AA10999E9 /* Pods */ = {
			isa = PBXGroup;
			children = (
				FA08B3B6380B73AE0C77AECE /* Pods-ListAppGrability.debug.xcconfig */,
				05DD329375E9FFB085A164B7 /* Pods-ListAppGrability.release.xcconfig */,
			);
			name = Pods;
			sourceTree = "<group>";
		};
		D9DCF3B51DA4B9DD00D95D47 = {
			isa = PBXGroup;
			children = (
				D9DCF3C01DA4B9DD00D95D47 /* ListAppGrability */,
				D9DCF3BF1DA4B9DD00D95D47 /* Products */,
				6F4B04E3E961222AA10999E9 /* Pods */,
				16E6E0EACDA24C6C6526EC51 /* Frameworks */,
			);
			sourceTree = "<group>";
		};
		D9DCF3BF1DA4B9DD00D95D47 /* Products */ = {
			isa = PBXGroup;
			children = (
				D9DCF3BE1DA4B9DD00D95D47 /* ListAppGrability.app */,
			);
			name = Products;
			sourceTree = "<group>";
		};
		D9DCF3C01DA4B9DD00D95D47 /* ListAppGrability */ = {
			isa = PBXGroup;
			children = (
				D9DCF3C11DA4B9DD00D95D47 /* AppDelegate.swift */,
				D9DCF3C31DA4B9DD00D95D47 /* ViewController.swift */,
				D9DCF3C51DA4B9DD00D95D47 /* Main.storyboard */,
				D9DCF3D61DA4BC7000D95D47 /* MainIpadStoryboard.storyboard */,
				D9DCF3CB1DA4B9DD00D95D47 /* Assets.xcassets */,
				D9DCF3CD1DA4B9DD00D95D47 /* LaunchScreen.storyboard */,
				D9DCF3D91DA4C1A700D95D47 /* WebService */,
				D9DCF3D81DA4C18D00D95D47 /* Utilies */,
				D9DCF3D01DA4B9DD00D95D47 /* Info.plist */,
				D9DCF3C81DA4B9DD00D95D47 /* ListAppGrability.xcdatamodeld */,
			);
			path = ListAppGrability;
			sourceTree = "<group>";
		};
		D9DCF3D81DA4C18D00D95D47 /* Utilies */ = {
			isa = PBXGroup;
			children = (
				D9DCF3E81DA4DE9400D95D47 /* iphoneLand.png */,
				D9DCF3E91DA4DE9400D95D47 /* iphoneLand@2x.png */,
				D9DCF3E21DA4DC6300D95D47 /* ipadLand1024x748.png */,
				D9DCF3E01DA4DBED00D95D47 /* ipadLand.png */,
				D9DCF3DA1DA4C1EB00D95D47 /* Colors.swift */,
			);
			name = Utilies;
			sourceTree = "<group>";
		};
		D9DCF3D91DA4C1A700D95D47 /* WebService */ = {
			isa = PBXGroup;
			children = (
			);
			name = WebService;
			sourceTree = "<group>";
		};
/* End PBXGroup section */

/* Begin PBXNativeTarget section */
		D9DCF3BD1DA4B9DD00D95D47 /* ListAppGrability */ = {
			isa = PBXNativeTarget;
			buildConfigurationList = D9DCF3D31DA4B9DD00D95D47 /* Build configuration list for PBXNativeTarget "ListAppGrability" */;
			buildPhases = (
				55A7C0BE2F364C4F2DDAC726 /* [CP] Check Pods Manifest.lock */,
				D9DCF3BA1DA4B9DD00D95D47 /* Sources */,
				D9DCF3BB1DA4B9DD00D95D47 /* Frameworks */,
				D9DCF3BC1DA4B9DD00D95D47 /* Resources */,
				8E7385F291D38950C0413B94 /* [CP] Embed Pods Frameworks */,
				46BA720D5584862127AD4855 /* [CP] Copy Pods Resources */,
			);
			buildRules = (
			);
			dependencies = (
			);
			name = ListAppGrability;
			productName = ListAppGrability;
			productReference = D9DCF3BE1DA4B9DD00D95D47 /* ListAppGrability.app */;
			productType = "com.apple.product-type.application";
		};
/* End PBXNativeTarget section */

/* Begin PBXProject section */
		D9DCF3B61DA4B9DD00D95D47 /* Project object */ = {
			isa = PBXProject;
			attributes = {
				LastSwiftUpdateCheck = 0800;
				LastUpgradeCheck = 0800;
				ORGANIZATIONNAME = carlosparada;
				TargetAttributes = {
					D9DCF3BD1DA4B9DD00D95D47 = {
						CreatedOnToolsVersion = 8.0;
						DevelopmentTeam = 8R49A3XR5X;
						LastSwiftMigration = 0800;
						ProvisioningStyle = Automatic;
					};
				};
			};
			buildConfigurationList = D9DCF3B91DA4B9DD00D95D47 /* Build configuration list for PBXProject "ListAppGrability" */;
			compatibilityVersion = "Xcode 3.2";
			developmentRegion = English;
			hasScannedForEncodings = 0;
			knownRegions = (
				en,
				Base,
			);
			mainGroup = D9DCF3B51DA4B9DD00D95D47;
			productRefGroup = D9DCF3BF1DA4B9DD00D95D47 /* Products */;
			projectDirPath = "";
			projectRoot = "";
			targets = (
				D9DCF3BD1DA4B9DD00D95D47 /* ListAppGrability */,
			);
		};
/* End PBXProject section */

/* Begin PBXResourcesBuildPhase section */
		D9DCF3BC1DA4B9DD00D95D47 /* Resources */ = {
			isa = PBXResourcesBuildPhase;
			buildActionMask = 2147483647;
			files = (
				D9DCF3EB1DA4DE9400D95D47 /* iphoneLand@2x.png in Resources */,
				D9DCF3EA1DA4DE9400D95D47 /* iphoneLand.png in Resources */,
				D9DCF3E31DA4DC6300D95D47 /* ipadLand1024x748.png in Resources */,
				D9DCF3E11DA4DBED00D95D47 /* ipadLand.png in Resources */,
				D9DCF3D71DA4BC7000D95D47 /* MainIpadStoryboard.storyboard in Resources */,
				D9DCF3CF1DA4B9DD00D95D47 /* LaunchScreen.storyboard in Resources */,
				D9DCF3CC1DA4B9DD00D95D47 /* Assets.xcassets in Resources */,
				D9DCF3C71DA4B9DD00D95D47 /* Main.storyboard in Resources */,
			);
			runOnlyForDeploymentPostprocessing = 0;
		};
/* End PBXResourcesBuildPhase section */

/* Begin PBXShellScriptBuildPhase section */
		46BA720D5584862127AD4855 /* [CP] Copy Pods Resources */ = {
			isa = PBXShellScriptBuildPhase;
			buildActionMask = 2147483647;
			files = (
			);
			inputPaths = (
			);
			name = "[CP] Copy Pods Resources";
			outputPaths = (
			);
			runOnlyForDeploymentPostprocessing = 0;
			shellPath = /bin/sh;
			shellScript = "\"${SRCROOT}/Pods/Target Support Files/Pods-ListAppGrability/Pods-ListAppGrability-resources.sh\"\n";
			showEnvVarsInLog = 0;
		};
		55A7C0BE2F364C4F2DDAC726 /* [CP] Check Pods Manifest.lock */ = {
			isa = PBXShellScriptBuildPhase;
			buildActionMask = 2147483647;
			files = (
			);
			inputPaths = (
			);
			name = "[CP] Check Pods Manifest.lock";
			outputPaths = (
			);
			runOnlyForDeploymentPostprocessing = 0;
			shellPath = /bin/sh;
			shellScript = "diff \"${PODS_ROOT}/../Podfile.lock\" \"${PODS_ROOT}/Manifest.lock\" > /dev/null\nif [[ $? != 0 ]] ; then\n    cat << EOM\nerror: The sandbox is not in sync with the Podfile.lock. Run 'pod install' or update your CocoaPods installation.\nEOM\n    exit 1\nfi\n";
			showEnvVarsInLog = 0;
		};
		8E7385F291D38950C0413B94 /* [CP] Embed Pods Frameworks */ = {
			isa = PBXShellScriptBuildPhase;
			buildActionMask = 2147483647;
			files = (
			);
			inputPaths = (
			);
			name = "[CP] Embed Pods Frameworks";
			outputPaths = (
			);
			runOnlyForDeploymentPostprocessing = 0;
			shellPath = /bin/sh;
			shellScript = "\"${SRCROOT}/Pods/Target Support Files/Pods-ListAppGrability/Pods-ListAppGrability-frameworks.sh\"\n";
			showEnvVarsInLog = 0;
		};
/* End PBXShellScriptBuildPhase section */

/* Begin PBXSourcesBuildPhase section */
		D9DCF3BA1DA4B9DD00D95D47 /* Sources */ = {
			isa = PBXSourcesBuildPhase;
			buildActionMask = 2147483647;
			files = (
				D9DCF3C41DA4B9DD00D95D47 /* ViewController.swift in Sources */,
				D9DCF3DB1DA4C1EB00D95D47 /* Colors.swift in Sources */,
				D9DCF3C21DA4B9DD00D95D47 /* AppDelegate.swift in Sources */,
				D9DCF3CA1DA4B9DD00D95D47 /* ListAppGrability.xcdatamodeld in Sources */,
			);
			runOnlyForDeploymentPostprocessing = 0;
		};
/* End PBXSourcesBuildPhase section */

/* Begin PBXVariantGroup section */
		D9DCF3C51DA4B9DD00D95D47 /* Main.storyboard */ = {
			isa = PBXVariantGroup;
			children = (
				D9DCF3C61DA4B9DD00D95D47 /* Base */,
			);
			name = Main.storyboard;
			sourceTree = "<group>";
		};
		D9DCF3CD1DA4B9DD00D95D47 /* LaunchScreen.storyboard */ = {
			isa = PBXVariantGroup;
			children = (
				D9DCF3CE1DA4B9DD00D95D47 /* Base */,
			);
			name = LaunchScreen.storyboard;
			sourceTree = "<group>";
		};
/* End PBXVariantGroup section */

/* Begin XCBuildConfiguration section */
		D9DCF3D11DA4B9DD00D95D47 /* Debug */ = {
			isa = XCBuildConfiguration;
			buildSettings = {
				ALWAYS_SEARCH_USER_PATHS = NO;
				CLANG_ANALYZER_NONNULL = YES;
				CLANG_CXX_LANGUAGE_STANDARD = "gnu++0x";
				CLANG_CXX_LIBRARY = "libc++";
				CLANG_ENABLE_MODULES = YES;
				CLANG_ENABLE_OBJC_ARC = YES;
				CLANG_WARN_BOOL_CONVERSION = YES;
				CLANG_WARN_CONSTANT_CONVERSION = YES;
				CLANG_WARN_DIRECT_OBJC_ISA_USAGE = YES_ERROR;
				CLANG_WARN_DOCUMENTATION_COMMENTS = YES;
				CLANG_WARN_EMPTY_BODY = YES;
				CLANG_WARN_ENUM_CONVERSION = YES;
				CLANG_WARN_INFINITE_RECURSION = YES;
				CLANG_WARN_INT_CONVERSION = YES;
				CLANG_WARN_OBJC_ROOT_CLASS = YES_ERROR;
				CLANG_WARN_SUSPICIOUS_MOVE = YES;
				CLANG_WARN_SUSPICIOUS_MOVES = YES;
				CLANG_WARN_UNREACHABLE_CODE = YES;
				CLANG_WARN__DUPLICATE_METHOD_MATCH = YES;
				"CODE_SIGN_IDENTITY[sdk=iphoneos*]" = "iPhone Developer";
				COPY_PHASE_STRIP = NO;
				DEBUG_INFORMATION_FORMAT = dwarf;
				ENABLE_STRICT_OBJC_MSGSEND = YES;
				ENABLE_TESTABILITY = YES;
				GCC_C_LANGUAGE_STANDARD = gnu99;
				GCC_DYNAMIC_NO_PIC = NO;
				GCC_NO_COMMON_BLOCKS = YES;
				GCC_OPTIMIZATION_LEVEL = 0;
				GCC_PREPROCESSOR_DEFINITIONS = (
					"DEBUG=1",
					"$(inherited)",
				);
				GCC_WARN_64_TO_32_BIT_CONVERSION = YES;
				GCC_WARN_ABOUT_RETURN_TYPE = YES_ERROR;
				GCC_WARN_UNDECLARED_SELECTOR = YES;
				GCC_WARN_UNINITIALIZED_AUTOS = YES_AGGRESSIVE;
				GCC_WARN_UNUSED_FUNCTION = YES;
				GCC_WARN_UNUSED_VARIABLE = YES;
				IPHONEOS_DEPLOYMENT_TARGET = 8.0;
				MTL_ENABLE_DEBUG_INFO = YES;
				ONLY_ACTIVE_ARCH = YES;
				SDKROOT = iphoneos;
				SWIFT_ACTIVE_COMPILATION_CONDITIONS = DEBUG;
				SWIFT_OPTIMIZATION_LEVEL = "-Onone";
				TARGETED_DEVICE_FAMILY = "1,2";
			};
			name = Debug;
		};
		D9DCF3D21DA4B9DD00D95D47 /* Release */ = {
			isa = XCBuildConfiguration;
			buildSettings = {
				ALWAYS_SEARCH_USER_PATHS = NO;
				CLANG_ANALYZER_NONNULL = YES;
				CLANG_CXX_LANGUAGE_STANDARD = "gnu++0x";
				CLANG_CXX_LIBRARY = "libc++";
				CLANG_ENABLE_MODULES = YES;
				CLANG_ENABLE_OBJC_ARC = YES;
				CLANG_WARN_BOOL_CONVERSION = YES;
				CLANG_WARN_CONSTANT_CONVERSION = YES;
				CLANG_WARN_DIRECT_OBJC_ISA_USAGE = YES_ERROR;
				CLANG_WARN_DOCUMENTATION_COMMENTS = YES;
				CLANG_WARN_EMPTY_BODY = YES;
				CLANG_WARN_ENUM_CONVERSION = YES;
				CLANG_WARN_INFINITE_RECURSION = YES;
				CLANG_WARN_INT_CONVERSION = YES;
				CLANG_WARN_OBJC_ROOT_CLASS = YES_ERROR;
				CLANG_WARN_SUSPICIOUS_MOVE = YES;
				CLANG_WARN_SUSPICIOUS_MOVES = YES;
				CLANG_WARN_UNREACHABLE_CODE = YES;
				CLANG_WARN__DUPLICATE_METHOD_MATCH = YES;
				"CODE_SIGN_IDENTITY[sdk=iphoneos*]" = "iPhone Developer";
				COPY_PHASE_STRIP = NO;
				DEBUG_INFORMATION_FORMAT = "dwarf-with-dsym";
				ENABLE_NS_ASSERTIONS = NO;
				ENABLE_STRICT_OBJC_MSGSEND = YES;
				GCC_C_LANGUAGE_STANDARD = gnu99;
				GCC_NO_COMMON_BLOCKS = YES;
				GCC_WARN_64_TO_32_BIT_CONVERSION = YES;
				GCC_WARN_ABOUT_RETURN_TYPE = YES_ERROR;
				GCC_WARN_UNDECLARED_SELECTOR = YES;
				GCC_WARN_UNINITIALIZED_AUTOS = YES_AGGRESSIVE;
				GCC_WARN_UNUSED_FUNCTION = YES;
				GCC_WARN_UNUSED_VARIABLE = YES;
				IPHONEOS_DEPLOYMENT_TARGET = 8.0;
				MTL_ENABLE_DEBUG_INFO = NO;
				SDKROOT = iphoneos;
				SWIFT_OPTIMIZATION_LEVEL = "-Owholemodule";
				TARGETED_DEVICE_FAMILY = "1,2";
				VALIDATE_PRODUCT = YES;
			};
			name = Release;
		};
		D9DCF3D41DA4B9DD00D95D47 /* Debug */ = {
			isa = XCBuildConfiguration;
			baseConfigurationReference = FA08B3B6380B73AE0C77AECE /* Pods-ListAppGrability.debug.xcconfig */;
			buildSettings = {
				ASSETCATALOG_COMPILER_APPICON_NAME = AppIcon;
				ASSETCATALOG_COMPILER_LAUNCHIMAGE_NAME = LaunchImage;
				DEVELOPMENT_TEAM = 8R49A3XR5X;
				INFOPLIST_FILE = ListAppGrability/Info.plist;
				IPHONEOS_DEPLOYMENT_TARGET = 8.4;
				LD_RUNPATH_SEARCH_PATHS = "$(inherited) @executable_path/Frameworks";
				PRODUCT_BUNDLE_IDENTIFIER = com.carlosparada.ListAppGrability;
				PRODUCT_NAME = "$(TARGET_NAME)";
				SWIFT_VERSION = 2.3;
			};
			name = Debug;
		};
		D9DCF3D51DA4B9DD00D95D47 /* Release */ = {
			isa = XCBuildConfiguration;
			baseConfigurationReference = 05DD329375E9FFB085A164B7 /* Pods-ListAppGrability.release.xcconfig */;
			buildSettings = {
				ASSETCATALOG_COMPILER_APPICON_NAME = AppIcon;
				ASSETCATALOG_COMPILER_LAUNCHIMAGE_NAME = LaunchImage;
				DEVELOPMENT_TEAM = 8R49A3XR5X;
				INFOPLIST_FILE = ListAppGrability/Info.plist;
				IPHONEOS_DEPLOYMENT_TARGET = 8.4;
				LD_RUNPATH_SEARCH_PATHS = "$(inherited) @executable_path/Frameworks";
				PRODUCT_BUNDLE_IDENTIFIER = com.carlosparada.ListAppGrability;
				PRODUCT_NAME = "$(TARGET_NAME)";
				SWIFT_VERSION = 2.3;
			};
			name = Release;
		};
/* End XCBuildConfiguration section */

/* Begin XCConfigurationList section */
		D9DCF3B91DA4B9DD00D95D47 /* Build configuration list for PBXProject "ListAppGrability" */ = {
			isa = XCConfigurationList;
			buildConfigurations = (
				D9DCF3D11DA4B9DD00D95D47 /* Debug */,
				D9DCF3D21DA4B9DD00D95D47 /* Release */,
			);
			defaultConfigurationIsVisible = 0;
			defaultConfigurationName = Release;
		};
		D9DCF3D31DA4B9DD00D95D47 /* Build configuration list for PBXNativeTarget "ListAppGrability" */ = {
			isa = XCConfigurationList;
			buildConfigurations = (
				D9DCF3D41DA4B9DD00D95D47 /* Debug */,
				D9DCF3D51DA4B9DD00D95D47 /* Release */,
			);
			defaultConfigurationIsVisible = 0;
			defaultConfigurationName = Release;
		};
/* End XCConfigurationList section */

/* Begin XCVersionGroup section */
		D9DCF3C81DA4B9DD00D95D47 /* ListAppGrability.xcdatamodeld */ = {
			isa = XCVersionGroup;
			children = (
				D9DCF3C91DA4B9DD00D95D47 /* ListAppGrability.xcdatamodel */,
			);
			currentVersion = D9DCF3C91DA4B9DD00D95D47 /* ListAppGrability.xcdatamodel */;
			path = ListAppGrability.xcdatamodeld;
			sourceTree = "<group>";
			versionGroupType = wrapper.xcdatamodel;
		};
/* End XCVersionGroup section */
	};
	rootObject = D9DCF3B61DA4B9DD00D95D47 /* Project object */;
}
